
Microsoft Visual Studio Solution File, Format Version 12.00
# Visual Studio Version 17
VisualStudioVersion = 17.14.36511.14 d17.14
MinimumVisualStudioVersion = 10.0.40219.1
Project("{FAE04EC0-301F-11D3-BF4B-00C04F79EFBC}") = "Payment.Web", "services\payment\src\Payment.Web\Payment.Web.csproj", "{78AEC160-230F-4E70-A4F1-7F2A354D57C1}"
EndProject
Project("{FAE04EC0-301F-11D3-BF4B-00C04F79EFBC}") = "Payment.Tests", "services\payment\tests\Payment.Tests\Payment.Tests.csproj", "{252F66EE-6121-4A70-992D-CE6C9B2DEAA1}"
EndProject
Project("{FAE04EC0-301F-11D3-BF4B-00C04F79EFBC}") = "Terminals.Web", "services\terminals\src\Terminals.Web\Terminals.Web.csproj", "{FA61F8BA-AFB0-4C39-9396-CB06E8B9F0AF}"
EndProject
Global
	GlobalSection(SolutionConfigurationPlatforms) = preSolution
		Debug|Any CPU = Debug|Any CPU
		Release|Any CPU = Release|Any CPU
	EndGlobalSection
	GlobalSection(ProjectConfigurationPlatforms) = postSolution
		{78AEC160-230F-4E70-A4F1-7F2A354D57C1}.Debug|Any CPU.ActiveCfg = Debug|Any CPU
		{78AEC160-230F-4E70-A4F1-7F2A354D57C1}.Debug|Any CPU.Build.0 = Debug|Any CPU
		{78AEC160-230F-4E70-A4F1-7F2A354D57C1}.Release|Any CPU.ActiveCfg = Release|Any CPU
		{78AEC160-230F-4E70-A4F1-7F2A354D57C1}.Release|Any CPU.Build.0 = Release|Any CPU
		{252F66EE-6121-4A70-992D-CE6C9B2DEAA1}.Debug|Any CPU.ActiveCfg = Debug|Any CPU
		{252F66EE-6121-4A70-992D-CE6C9B2DEAA1}.Debug|Any CPU.Build.0 = Debug|Any CPU
		{252F66EE-6121-4A70-992D-CE6C9B2DEAA1}.Release|Any CPU.ActiveCfg = Release|Any CPU
		{252F66EE-6121-4A70-992D-CE6C9B2DEAA1}.Release|Any CPU.Build.0 = Release|Any CPU
		{FA61F8BA-AFB0-4C39-9396-CB06E8B9F0AF}.Debug|Any CPU.ActiveCfg = Debug|Any CPU
		{FA61F8BA-AFB0-4C39-9396-CB06E8B9F0AF}.Debug|Any CPU.Build.0 = Debug|Any CPU
		{FA61F8BA-AFB0-4C39-9396-CB06E8B9F0AF}.Release|Any CPU.ActiveCfg = Release|Any CPU
		{FA61F8BA-AFB0-4C39-9396-CB06E8B9F0AF}.Release|Any CPU.Build.0 = Release|Any CPU
	EndGlobalSection
	GlobalSection(SolutionProperties) = preSolution
		HideSolutionNode = FALSE
	EndGlobalSection
EndGlobal
